// !$*UTF8*$!
{
	archiveVersion = 1;
	classes = {
	};
	objectVersion = 46;
	objects = {

/* Begin PBXBuildFile section */
		840C0EB91DF1269E00B25EB1 /* Lighting256x256.png in Resources */ = {isa = PBXBuildFile; fileRef = 840C0EB71DF1269E00B25EB1 /* Lighting256x256.png */; };
		840C0EBA1DF1269E00B25EB1 /* LightingDetail256x256.png in Resources */ = {isa = PBXBuildFile; fileRef = 840C0EB81DF1269E00B25EB1 /* LightingDetail256x256.png */; };
		841A6DF31DED5556006B4B7F /* Shader.fsh in Resources */ = {isa = PBXBuildFile; fileRef = 841A6DF11DED5556006B4B7F /* Shader.fsh */; };
		841A6DF41DED5556006B4B7F /* Shader.vsh in Resources */ = {isa = PBXBuildFile; fileRef = 841A6DF21DED5556006B4B7F /* Shader.vsh */; };
		846C95E01DEC490C00055C42 /* main.m in Sources */ = {isa = PBXBuildFile; fileRef = 846C95DF1DEC490C00055C42 /* main.m */; };
		846C95E31DEC490C00055C42 /* AppDelegate.m in Sources */ = {isa = PBXBuildFile; fileRef = 846C95E21DEC490C00055C42 /* AppDelegate.m */; };
		846C95EB1DEC490C00055C42 /* Assets.xcassets in Resources */ = {isa = PBXBuildFile; fileRef = 846C95EA1DEC490C00055C42 /* Assets.xcassets */; };
		846C95EE1DEC490C00055C42 /* LaunchScreen.storyboard in Resources */ = {isa = PBXBuildFile; fileRef = 846C95EC1DEC490C00055C42 /* LaunchScreen.storyboard */; };
		846C95F71DEC495E00055C42 /* MainViewController.m in Sources */ = {isa = PBXBuildFile; fileRef = 846C95F61DEC495E00055C42 /* MainViewController.m */; };
		846C96081DEC4E6200055C42 /* MYGLKVertexAttribArrayBuffer.m in Sources */ = {isa = PBXBuildFile; fileRef = 846C96051DEC4E6200055C42 /* MYGLKVertexAttribArrayBuffer.m */; };
		846C96091DEC4E6200055C42 /* MYEAGLContext.m in Sources */ = {isa = PBXBuildFile; fileRef = 846C96071DEC4E6200055C42 /* MYEAGLContext.m */; };
/* End PBXBuildFile section */

/* Begin PBXFileReference section */
		840C0EB71DF1269E00B25EB1 /* Lighting256x256.png */ = {isa = PBXFileReference; lastKnownFileType = image.png; path = Lighting256x256.png; sourceTree = "<group>"; };
		840C0EB81DF1269E00B25EB1 /* LightingDetail256x256.png */ = {isa = PBXFileReference; lastKnownFileType = image.png; path = LightingDetail256x256.png; sourceTree = "<group>"; };
		841A6DF11DED5556006B4B7F /* Shader.fsh */ = {isa = PBXFileReference; fileEncoding = 4; lastKnownFileType = sourcecode.glsl; path = Shader.fsh; sourceTree = "<group>"; };
		841A6DF21DED5556006B4B7F /* Shader.vsh */ = {isa = PBXFileReference; fileEncoding = 4; lastKnownFileType = sourcecode.glsl; path = Shader.vsh; sourceTree = "<group>"; };
		846C95DB1DEC490C00055C42 /* MYOpenGLES.app */ = {isa = PBXFileReference; explicitFileType = wrapper.application; includeInIndex = 0; path = MYOpenGLES.app; sourceTree = BUILT_PRODUCTS_DIR; };
		846C95DF1DEC490C00055C42 /* main.m */ = {isa = PBXFileReference; lastKnownFileType = sourcecode.c.objc; path = main.m; sourceTree = "<group>"; };
		846C95E11DEC490C00055C42 /* AppDelegate.h */ = {isa = PBXFileReference; lastKnownFileType = sourcecode.c.h; path = AppDelegate.h; sourceTree = "<group>"; };
		846C95E21DEC490C00055C42 /* AppDelegate.m */ = {isa = PBXFileReference; lastKnownFileType = sourcecode.c.objc; path = AppDelegate.m; sourceTree = "<group>"; };
		846C95EA1DEC490C00055C42 /* Assets.xcassets */ = {isa = PBXFileReference; lastKnownFileType = folder.assetcatalog; path = Assets.xcassets; sourceTree = "<group>"; };
		846C95ED1DEC490C00055C42 /* Base */ = {isa = PBXFileReference; lastKnownFileType = file.storyboard; name = Base; path = Base.lproj/LaunchScreen.storyboard; sourceTree = "<group>"; };
		846C95EF1DEC490C00055C42 /* Info.plist */ = {isa = PBXFileReference; lastKnownFileType = text.plist.xml; path = Info.plist; sourceTree = "<group>"; };
		846C95F51DEC495E00055C42 /* MainViewController.h */ = {isa = PBXFileReference; fileEncoding = 4; lastKnownFileType = sourcecode.c.h; path = MainViewController.h; sourceTree = "<group>"; };
		846C95F61DEC495E00055C42 /* MainViewController.m */ = {isa = PBXFileReference; fileEncoding = 4; lastKnownFileType = sourcecode.c.objc; path = MainViewController.m; sourceTree = "<group>"; };
		846C96041DEC4E6200055C42 /* MYGLKVertexAttribArrayBuffer.h */ = {isa = PBXFileReference; fileEncoding = 4; lastKnownFileType = sourcecode.c.h; path = MYGLKVertexAttribArrayBuffer.h; sourceTree = "<group>"; };
		846C96051DEC4E6200055C42 /* MYGLKVertexAttribArrayBuffer.m */ = {isa = PBXFileReference; fileEncoding = 4; lastKnownFileType = sourcecode.c.objc; path = MYGLKVertexAttribArrayBuffer.m; sourceTree = "<group>"; };
		846C96061DEC4E6200055C42 /* MYEAGLContext.h */ = {isa = PBXFileReference; fileEncoding = 4; lastKnownFileType = sourcecode.c.h; path = MYEAGLContext.h; sourceTree = "<group>"; };
		846C96071DEC4E6200055C42 /* MYEAGLContext.m */ = {isa = PBXFileReference; fileEncoding = 4; lastKnownFileType = sourcecode.c.objc; path = MYEAGLContext.m; sourceTree = "<group>"; };
/* End PBXFileReference section */

/* Begin PBXFrameworksBuildPhase section */
		846C95D81DEC490C00055C42 /* Frameworks */ = {
			isa = PBXFrameworksBuildPhase;
			buildActionMask = 2147483647;
			files = (
			);
			runOnlyForDeploymentPostprocessing = 0;
		};
/* End PBXFrameworksBuildPhase section */

/* Begin PBXGroup section */
		841A6DF01DED5556006B4B7F /* Shaders */ = {
			isa = PBXGroup;
			children = (
				841A6DF11DED5556006B4B7F /* Shader.fsh */,
				841A6DF21DED5556006B4B7F /* Shader.vsh */,
			);
			path = Shaders;
			sourceTree = "<group>";
		};
		846C95D21DEC490C00055C42 = {
			isa = PBXGroup;
			children = (
				846C95DD1DEC490C00055C42 /* MYOpenGLES */,
				846C95DC1DEC490C00055C42 /* Products */,
			);
			sourceTree = "<group>";
		};
		846C95DC1DEC490C00055C42 /* Products */ = {
			isa = PBXGroup;
			children = (
				846C95DB1DEC490C00055C42 /* MYOpenGLES.app */,
			);
			name = Products;
			sourceTree = "<group>";
		};
		846C95DD1DEC490C00055C42 /* MYOpenGLES */ = {
			isa = PBXGroup;
			children = (
				841A6DF01DED5556006B4B7F /* Shaders */,
				846C96041DEC4E6200055C42 /* MYGLKVertexAttribArrayBuffer.h */,
				846C96051DEC4E6200055C42 /* MYGLKVertexAttribArrayBuffer.m */,
				846C96061DEC4E6200055C42 /* MYEAGLContext.h */,
				846C96071DEC4E6200055C42 /* MYEAGLContext.m */,
				846C95E11DEC490C00055C42 /* AppDelegate.h */,
				846C95E21DEC490C00055C42 /* AppDelegate.m */,
				846C95F51DEC495E00055C42 /* MainViewController.h */,
				846C95F61DEC495E00055C42 /* MainViewController.m */,
				846C95EA1DEC490C00055C42 /* Assets.xcassets */,
				846C95EC1DEC490C00055C42 /* LaunchScreen.storyboard */,
				846C95EF1DEC490C00055C42 /* Info.plist */,
				846C95DE1DEC490C00055C42 /* Supporting Files */,
			);
			path = MYOpenGLES;
			sourceTree = "<group>";
		};
		846C95DE1DEC490C00055C42 /* Supporting Files */ = {
			isa = PBXGroup;
			children = (
				840C0EB71DF1269E00B25EB1 /* Lighting256x256.png */,
				840C0EB81DF1269E00B25EB1 /* LightingDetail256x256.png */,
				846C95DF1DEC490C00055C42 /* main.m */,
			);
			name = "Supporting Files";
			sourceTree = "<group>";
		};
/* End PBXGroup section */

/* Begin PBXNativeTarget section */
		846C95DA1DEC490C00055C42 /* MYOpenGLES */ = {
			isa = PBXNativeTarget;
			buildConfigurationList = 846C95F21DEC490C00055C42 /* Build configuration list for PBXNativeTarget "MYOpenGLES" */;
			buildPhases = (
				846C95D71DEC490C00055C42 /* Sources */,
				846C95D81DEC490C00055C42 /* Frameworks */,
				846C95D91DEC490C00055C42 /* Resources */,
			);
			buildRules = (
			);
			dependencies = (
			);
			name = MYOpenGLES;
			productName = MYOpenGLES;
			productReference = 846C95DB1DEC490C00055C42 /* MYOpenGLES.app */;
			productType = "com.apple.product-type.application";
		};
/* End PBXNativeTarget section */

/* Begin PBXProject section */
		846C95D31DEC490C00055C42 /* Project object */ = {
			isa = PBXProject;
			attributes = {
				LastUpgradeCheck = 0800;
				ORGANIZATIONNAME = admin;
				TargetAttributes = {
					846C95DA1DEC490C00055C42 = {
						CreatedOnToolsVersion = 8.0;
						ProvisioningStyle = Automatic;
					};
				};
			};
			buildConfigurationList = 846C95D61DEC490C00055C42 /* Build configuration list for PBXProject "MYOpenGLES" */;
			compatibilityVersion = "Xcode 3.2";
			developmentRegion = English;
			hasScannedForEncodings = 0;
			knownRegions = (
				en,
				Base,
			);
			mainGroup = 846C95D21DEC490C00055C42;
			productRefGroup = 846C95DC1DEC490C00055C42 /* Products */;
			projectDirPath = "";
			projectRoot = "";
			targets = (
				846C95DA1DEC490C00055C42 /* MYOpenGLES */,
			);
		};
/* End PBXProject section */

/* Begin PBXResourcesBuildPhase section */
		846C95D91DEC490C00055C42 /* Resources */ = {
			isa = PBXResourcesBuildPhase;
			buildActionMask = 2147483647;
			files = (
				846C95EE1DEC490C00055C42 /* LaunchScreen.storyboard in Resources */,
				840C0EB91DF1269E00B25EB1 /* Lighting256x256.png in Resources */,
				841A6DF41DED5556006B4B7F /* Shader.vsh in Resources */,
				846C95EB1DEC490C00055C42 /* Assets.xcassets in Resources */,
				841A6DF31DED5556006B4B7F /* Shader.fsh in Resources */,
				840C0EBA1DF1269E00B25EB1 /* LightingDetail256x256.png in Resources */,
			);
			runOnlyForDeploymentPostprocessing = 0;
		};
/* End PBXResourcesBuildPhase section */

/* Begin PBXSourcesBuildPhase section */
		846C95D71DEC490C00055C42 /* Sources */ = {
			isa = PBXSourcesBuildPhase;
			buildActionMask = 2147483647;
			files = (
				846C96081DEC4E6200055C42 /* MYGLKVertexAttribArrayBuffer.m in Sources */,
				846C95E31DEC490C00055C42 /* AppDelegate.m in Sources */,
				846C95F71DEC495E00055C42 /* MainViewController.m in Sources */,
				846C96091DEC4E6200055C42 /* MYEAGLContext.m in Sources */,
				846C95E01DEC490C00055C42 /* main.m in Sources */,
			);
			runOnlyForDeploymentPostprocessing = 0;
		};
/* End PBXSourcesBuildPhase section */

/* Begin PBXVariantGroup section */
		846C95EC1DEC490C00055C42 /* LaunchScreen.storyboard */ = {
			isa = PBXVariantGroup;
			children = (
				846C95ED1DEC490C00055C42 /* Base */,
			);
			name = LaunchScreen.storyboard;
			sourceTree = "<group>";
		};
/* End PBXVariantGroup section */

/* Begin XCBuildConfiguration section */
		846C95F01DEC490C00055C42 /* Debug */ = {
			isa = XCBuildConfiguration;
			buildSettings = {
				ALWAYS_SEARCH_USER_PATHS = NO;
				CLANG_ANALYZER_NONNULL = YES;
				CLANG_CXX_LANGUAGE_STANDARD = "gnu++0x";
				CLANG_CXX_LIBRARY = "libc++";
				CLANG_ENABLE_MODULES = YES;
				CLANG_ENABLE_OBJC_ARC = YES;
				CLANG_WARN_BOOL_CONVERSION = YES;
				CLANG_WARN_CONSTANT_CONVERSION = YES;
				CLANG_WARN_DIRECT_OBJC_ISA_USAGE = YES_ERROR;
				CLANG_WARN_DOCUMENTATION_COMMENTS = YES;
				CLANG_WARN_EMPTY_BODY = YES;
				CLANG_WARN_ENUM_CONVERSION = YES;
				CLANG_WARN_INFINITE_RECURSION = YES;
				CLANG_WARN_INT_CONVERSION = YES;
				CLANG_WARN_OBJC_ROOT_CLASS = YES_ERROR;
				CLANG_WARN_SUSPICIOUS_MOVES = YES;
				CLANG_WARN_UNREACHABLE_CODE = YES;
				CLANG_WARN__DUPLICATE_METHOD_MATCH = YES;
				"CODE_SIGN_IDENTITY[sdk=iphoneos*]" = "iPhone Developer";
				COPY_PHASE_STRIP = NO;
				DEBUG_INFORMATION_FORMAT = dwarf;
				ENABLE_STRICT_OBJC_MSGSEND = YES;
				ENABLE_TESTABILITY = YES;
				GCC_C_LANGUAGE_STANDARD = gnu99;
				GCC_DYNAMIC_NO_PIC = NO;
				GCC_NO_COMMON_BLOCKS = YES;
				GCC_OPTIMIZATION_LEVEL = 0;
				GCC_PREPROCESSOR_DEFINITIONS = (
					"DEBUG=1",
					"$(inherited)",
				);
				GCC_WARN_64_TO_32_BIT_CONVERSION = YES;
				GCC_WARN_ABOUT_RETURN_TYPE = YES_ERROR;
				GCC_WARN_UNDECLARED_SELECTOR = YES;
				GCC_WARN_UNINITIALIZED_AUTOS = YES_AGGRESSIVE;
				GCC_WARN_UNUSED_FUNCTION = YES;
				GCC_WARN_UNUSED_VARIABLE = YES;
				IPHONEOS_DEPLOYMENT_TARGET = 10.0;
				MTL_ENABLE_DEBUG_INFO = YES;
				ONLY_ACTIVE_ARCH = YES;
				SDKROOT = iphoneos;
				TARGETED_DEVICE_FAMILY = "1,2";
			};
			name = Debug;
		};
		846C95F11DEC490C00055C42 /* Release */ = {
			isa = XCBuildConfiguration;
			buildSettings = {
				ALWAYS_SEARCH_USER_PATHS = NO;
				CLANG_ANALYZER_NONNULL = YES;
				CLANG_CXX_LANGUAGE_STANDARD = "gnu++0x";
				CLANG_CXX_LIBRARY = "libc++";
				CLANG_ENABLE_MODULES = YES;
				CLANG_ENABLE_OBJC_ARC = YES;
				CLANG_WARN_BOOL_CONVERSION = YES;
				CLANG_WARN_CONSTANT_CONVERSION = YES;
				CLANG_WARN_DIRECT_OBJC_ISA_USAGE = YES_ERROR;
				CLANG_WARN_DOCUMENTATION_COMMENTS = YES;
				CLANG_WARN_EMPTY_BODY = YES;
				CLANG_WARN_ENUM_CONVERSION = YES;
				CLANG_WARN_INFINITE_RECURSION = YES;
				CLANG_WARN_INT_CONVERSION = YES;
				CLANG_WARN_OBJC_ROOT_CLASS = YES_ERROR;
				CLANG_WARN_SUSPICIOUS_MOVES = YES;
				CLANG_WARN_UNREACHABLE_CODE = YES;
				CLANG_WARN__DUPLICATE_METHOD_MATCH = YES;
				"CODE_SIGN_IDENTITY[sdk=iphoneos*]" = "iPhone Developer";
				COPY_PHASE_STRIP = NO;
				DEBUG_INFORMATION_FORMAT = "dwarf-with-dsym";
				ENABLE_NS_ASSERTIONS = NO;
				ENABLE_STRICT_OBJC_MSGSEND = YES;
				GCC_C_LANGUAGE_STANDARD = gnu99;
				GCC_NO_COMMON_BLOCKS = YES;
				GCC_WARN_64_TO_32_BIT_CONVERSION = YES;
				GCC_WARN_ABOUT_RETURN_TYPE = YES_ERROR;
				GCC_WARN_UNDECLARED_SELECTOR = YES;
				GCC_WARN_UNINITIALIZED_AUTOS = YES_AGGRESSIVE;
				GCC_WARN_UNUSED_FUNCTION = YES;
				GCC_WARN_UNUSED_VARIABLE = YES;
				IPHONEOS_DEPLOYMENT_TARGET = 10.0;
				MTL_ENABLE_DEBUG_INFO = NO;
				SDKROOT = iphoneos;
				TARGETED_DEVICE_FAMILY = "1,2";
				VALIDATE_PRODUCT = YES;
			};
			name = Release;
		};
		846C95F31DEC490C00055C42 /* Debug */ = {
			isa = XCBuildConfiguration;
			buildSettings = {
				ASSETCATALOG_COMPILER_APPICON_NAME = AppIcon;
				INFOPLIST_FILE = MYOpenGLES/Info.plist;
				LD_RUNPATH_SEARCH_PATHS = "$(inherited) @executable_path/Frameworks";
				PRODUCT_BUNDLE_IDENTIFIER = com.poco.rong.MYOpenGLES;
				PRODUCT_NAME = "$(TARGET_NAME)";
			};
			name = Debug;
		};
		846C95F41DEC490C00055C42 /* Release */ = {
			isa = XCBuildConfiguration;
			buildSettings = {
				ASSETCATALOG_COMPILER_APPICON_NAME = AppIcon;
				INFOPLIST_FILE = MYOpenGLES/Info.plist;
				LD_RUNPATH_SEARCH_PATHS = "$(inherited) @executable_path/Frameworks";
				PRODUCT_BUNDLE_IDENTIFIER = com.poco.rong.MYOpenGLES;
				PRODUCT_NAME = "$(TARGET_NAME)";
			};
			name = Release;
		};
/* End XCBuildConfiguration section */

/* Begin XCConfigurationList section */
		846C95D61DEC490C00055C42 /* Build configuration list for PBXProject "MYOpenGLES" */ = {
			isa = XCConfigurationList;
			buildConfigurations = (
				846C95F01DEC490C00055C42 /* Debug */,
				846C95F11DEC490C00055C42 /* Release */,
			);
			defaultConfigurationIsVisible = 0;
			defaultConfigurationName = Release;
		};
		846C95F21DEC490C00055C42 /* Build configuration list for PBXNativeTarget "MYOpenGLES" */ = {
			isa = XCConfigurationList;
			buildConfigurations = (
				846C95F31DEC490C00055C42 /* Debug */,
				846C95F41DEC490C00055C42 /* Release */,
			);
			defaultConfigurationIsVisible = 0;
			defaultConfigurationName = Release;
		};
/* End XCConfigurationList section */
	};
	rootObject = 846C95D31DEC490C00055C42 /* Project object */;
}
